
Microsoft Visual Studio Solution File, Format Version 12.00
# Visual Studio Version 17
VisualStudioVersion = 17.3.32811.315
MinimumVisualStudioVersion = 10.0.40219.1
Project("{FAE04EC0-301F-11D3-BF4B-00C04F79EFBC}") = "university", "university\university.csproj", "{903B2963-03C9-4E92-9D15-E6B0C2816B47}"
EndProject
Global
	GlobalSection(SolutionConfigurationPlatforms) = preSolution
		Debug|Any CPU = Debug|Any CPU
		Release|Any CPU = Release|Any CPU
	EndGlobalSection
	GlobalSection(ProjectConfigurationPlatforms) = postSolution
		{903B2963-03C9-4E92-9D15-E6B0C2816B47}.Debug|Any CPU.ActiveCfg = Debug|Any CPU
		{903B2963-03C9-4E92-9D15-E6B0C2816B47}.Debug|Any CPU.Build.0 = Debug|Any CPU
		{903B2963-03C9-4E92-9D15-E6B0C2816B47}.Release|Any CPU.ActiveCfg = Release|Any CPU
		{903B2963-03C9-4E92-9D15-E6B0C2816B47}.Release|Any CPU.Build.0 = Release|Any CPU
	EndGlobalSection
	GlobalSection(SolutionProperties) = preSolution
		HideSolutionNode = FALSE
	EndGlobalSection
	GlobalSection(ExtensibilityGlobals) = postSolution
		SolutionGuid = {B3715ECE-1E7B-4C45-B8A7-33FAC964150D}
	EndGlobalSection
EndGlobal
